
Microsoft Visual Studio Solution File, Format Version 12.00
# Visual Studio Version 17
VisualStudioVersion = 17.10.35013.160
MinimumVisualStudioVersion = 10.0.40219.1
Project("{FAE04EC0-301F-11D3-BF4B-00C04F79EFBC}") = "EightQueen", "EightQueen\EightQueen.csproj", "{16101E44-1EEB-40E3-98C5-53614E9E0B44}"
EndProject
Global
	GlobalSection(SolutionConfigurationPlatforms) = preSolution
		Debug|Any CPU = Debug|Any CPU
		Release|Any CPU = Release|Any CPU
	EndGlobalSection
	GlobalSection(ProjectConfigurationPlatforms) = postSolution
		{16101E44-1EEB-40E3-98C5-53614E9E0B44}.Debug|Any CPU.ActiveCfg = Debug|Any CPU
		{16101E44-1EEB-40E3-98C5-53614E9E0B44}.Debug|Any CPU.Build.0 = Debug|Any CPU
		{16101E44-1EEB-40E3-98C5-53614E9E0B44}.Release|Any CPU.ActiveCfg = Release|Any CPU
		{16101E44-1EEB-40E3-98C5-53614E9E0B44}.Release|Any CPU.Build.0 = Release|Any CPU
	EndGlobalSection
	GlobalSection(SolutionProperties) = preSolution
		HideSolutionNode = FALSE
	EndGlobalSection
	GlobalSection(ExtensibilityGlobals) = postSolution
		SolutionGuid = {673DA264-5784-47C9-B84E-F39310F9378A}
	EndGlobalSection
EndGlobal
